// !$*UTF8*$!
{
	archiveVersion = 1;
	classes = {
	};
	objectVersion = 56;
	objects = {

/* Begin PBXBuildFile section */
		83315CF02B51CC0D004652E8 /* AppDelegate.swift in Sources */ = {isa = PBXBuildFile; fileRef = 83315CEF2B51CC0D004652E8 /* AppDelegate.swift */; };
		83315CF22B51CC0D004652E8 /* SceneDelegate.swift in Sources */ = {isa = PBXBuildFile; fileRef = 83315CF12B51CC0D004652E8 /* SceneDelegate.swift */; };
		83315CF92B51CC0F004652E8 /* Assets.xcassets in Resources */ = {isa = PBXBuildFile; fileRef = 83315CF82B51CC0F004652E8 /* Assets.xcassets */; };
		83315CFC2B51CC0F004652E8 /* LaunchScreen.storyboard in Resources */ = {isa = PBXBuildFile; fileRef = 83315CFA2B51CC0F004652E8 /* LaunchScreen.storyboard */; };
		83315D042B51CC5E004652E8 /* App.swift in Sources */ = {isa = PBXBuildFile; fileRef = 83315D032B51CC5E004652E8 /* App.swift */; };
		83315D072B51CC92004652E8 /* Coordinator.swift in Sources */ = {isa = PBXBuildFile; fileRef = 83315D062B51CC92004652E8 /* Coordinator.swift */; };
		83315D092B51CCB6004652E8 /* Router.swift in Sources */ = {isa = PBXBuildFile; fileRef = 83315D082B51CCB6004652E8 /* Router.swift */; };
		83315D0B2B51CCE5004652E8 /* AppTransition.swift in Sources */ = {isa = PBXBuildFile; fileRef = 83315D0A2B51CCE5004652E8 /* AppTransition.swift */; };
		83315D1E2B51D348004652E8 /* JokeRepositoryRepresentable.swift in Sources */ = {isa = PBXBuildFile; fileRef = 83315D1D2B51D348004652E8 /* JokeRepositoryRepresentable.swift */; };
		83315D202B51D385004652E8 /* JokeDTO.swift in Sources */ = {isa = PBXBuildFile; fileRef = 83315D1F2B51D385004652E8 /* JokeDTO.swift */; };
		83315D222B51D3E2004652E8 /* JokeRepository.swift in Sources */ = {isa = PBXBuildFile; fileRef = 83315D212B51D3E2004652E8 /* JokeRepository.swift */; };
		83315D252B51D49C004652E8 /* Joke.swift in Sources */ = {isa = PBXBuildFile; fileRef = 83315D242B51D49C004652E8 /* Joke.swift */; };
		83315D282B51D4EE004652E8 /* JokeUseCases.swift in Sources */ = {isa = PBXBuildFile; fileRef = 83315D272B51D4EE004652E8 /* JokeUseCases.swift */; };
		83315D2A2B51D53F004652E8 /* Failure.swift in Sources */ = {isa = PBXBuildFile; fileRef = 83315D292B51D53F004652E8 /* Failure.swift */; };
		83315D3B2B51E8B7004652E8 /* HomeViewModel.swift in Sources */ = {isa = PBXBuildFile; fileRef = 83315D372B51E8B7004652E8 /* HomeViewModel.swift */; };
		83315D3C2B51E8B7004652E8 /* HomeViewController.xib in Resources */ = {isa = PBXBuildFile; fileRef = 83315D382B51E8B7004652E8 /* HomeViewController.xib */; };
		83315D3D2B51E8B7004652E8 /* HomeViewController.swift in Sources */ = {isa = PBXBuildFile; fileRef = 83315D392B51E8B7004652E8 /* HomeViewController.swift */; };
		83315D3E2B51E8B7004652E8 /* HomeCoordinator.swift in Sources */ = {isa = PBXBuildFile; fileRef = 83315D3A2B51E8B7004652E8 /* HomeCoordinator.swift */; };
		83315D402B51EE1D004652E8 /* LoadImage.swift in Sources */ = {isa = PBXBuildFile; fileRef = 83315D3F2B51EE1D004652E8 /* LoadImage.swift */; };
		83315D452B5216F1004652E8 /* SearchJokeViewController.swift in Sources */ = {isa = PBXBuildFile; fileRef = 83315D432B5216F1004652E8 /* SearchJokeViewController.swift */; };
		83315D462B5216F1004652E8 /* SearchJokeViewController.xib in Resources */ = {isa = PBXBuildFile; fileRef = 83315D442B5216F1004652E8 /* SearchJokeViewController.xib */; };
		83315D482B521BCF004652E8 /* HomeProtocols.swift in Sources */ = {isa = PBXBuildFile; fileRef = 83315D472B521BCF004652E8 /* HomeProtocols.swift */; };
		83315D4C2B522BF8004652E8 /* JokeItemCell.swift in Sources */ = {isa = PBXBuildFile; fileRef = 83315D4A2B522BF8004652E8 /* JokeItemCell.swift */; };
		83315D4D2B522BF8004652E8 /* JokeItemCell.xib in Resources */ = {isa = PBXBuildFile; fileRef = 83315D4B2B522BF8004652E8 /* JokeItemCell.xib */; };
		83315D4F2B523D01004652E8 /* JokeListResponseDTO.swift in Sources */ = {isa = PBXBuildFile; fileRef = 83315D4E2B523D01004652E8 /* JokeListResponseDTO.swift */; };
/* End PBXBuildFile section */

/* Begin PBXFileReference section */
		83315CEC2B51CC0D004652E8 /* TribalChallenge.app */ = {isa = PBXFileReference; explicitFileType = wrapper.application; includeInIndex = 0; path = TribalChallenge.app; sourceTree = BUILT_PRODUCTS_DIR; };
		83315CEF2B51CC0D004652E8 /* AppDelegate.swift */ = {isa = PBXFileReference; lastKnownFileType = sourcecode.swift; path = AppDelegate.swift; sourceTree = "<group>"; };
		83315CF12B51CC0D004652E8 /* SceneDelegate.swift */ = {isa = PBXFileReference; lastKnownFileType = sourcecode.swift; path = SceneDelegate.swift; sourceTree = "<group>"; };
		83315CF82B51CC0F004652E8 /* Assets.xcassets */ = {isa = PBXFileReference; lastKnownFileType = folder.assetcatalog; path = Assets.xcassets; sourceTree = "<group>"; };
		83315CFB2B51CC0F004652E8 /* Base */ = {isa = PBXFileReference; lastKnownFileType = file.storyboard; name = Base; path = Base.lproj/LaunchScreen.storyboard; sourceTree = "<group>"; };
		83315CFD2B51CC0F004652E8 /* Info.plist */ = {isa = PBXFileReference; lastKnownFileType = text.plist.xml; path = Info.plist; sourceTree = "<group>"; };
		83315D032B51CC5E004652E8 /* App.swift */ = {isa = PBXFileReference; lastKnownFileType = sourcecode.swift; path = App.swift; sourceTree = "<group>"; };
		83315D062B51CC92004652E8 /* Coordinator.swift */ = {isa = PBXFileReference; lastKnownFileType = sourcecode.swift; path = Coordinator.swift; sourceTree = "<group>"; };
		83315D082B51CCB6004652E8 /* Router.swift */ = {isa = PBXFileReference; lastKnownFileType = sourcecode.swift; path = Router.swift; sourceTree = "<group>"; };
		83315D0A2B51CCE5004652E8 /* AppTransition.swift */ = {isa = PBXFileReference; lastKnownFileType = sourcecode.swift; path = AppTransition.swift; sourceTree = "<group>"; };
		83315D1D2B51D348004652E8 /* JokeRepositoryRepresentable.swift */ = {isa = PBXFileReference; lastKnownFileType = sourcecode.swift; path = JokeRepositoryRepresentable.swift; sourceTree = "<group>"; };
		83315D1F2B51D385004652E8 /* JokeDTO.swift */ = {isa = PBXFileReference; lastKnownFileType = sourcecode.swift; path = JokeDTO.swift; sourceTree = "<group>"; };
		83315D212B51D3E2004652E8 /* JokeRepository.swift */ = {isa = PBXFileReference; lastKnownFileType = sourcecode.swift; path = JokeRepository.swift; sourceTree = "<group>"; };
		83315D242B51D49C004652E8 /* Joke.swift */ = {isa = PBXFileReference; lastKnownFileType = sourcecode.swift; path = Joke.swift; sourceTree = "<group>"; };
		83315D272B51D4EE004652E8 /* JokeUseCases.swift */ = {isa = PBXFileReference; lastKnownFileType = sourcecode.swift; path = JokeUseCases.swift; sourceTree = "<group>"; };
		83315D292B51D53F004652E8 /* Failure.swift */ = {isa = PBXFileReference; lastKnownFileType = sourcecode.swift; path = Failure.swift; sourceTree = "<group>"; };
		83315D372B51E8B7004652E8 /* HomeViewModel.swift */ = {isa = PBXFileReference; fileEncoding = 4; lastKnownFileType = sourcecode.swift; path = HomeViewModel.swift; sourceTree = "<group>"; };
		83315D382B51E8B7004652E8 /* HomeViewController.xib */ = {isa = PBXFileReference; fileEncoding = 4; lastKnownFileType = file.xib; path = HomeViewController.xib; sourceTree = "<group>"; };
		83315D392B51E8B7004652E8 /* HomeViewController.swift */ = {isa = PBXFileReference; fileEncoding = 4; lastKnownFileType = sourcecode.swift; path = HomeViewController.swift; sourceTree = "<group>"; };
		83315D3A2B51E8B7004652E8 /* HomeCoordinator.swift */ = {isa = PBXFileReference; fileEncoding = 4; lastKnownFileType = sourcecode.swift; path = HomeCoordinator.swift; sourceTree = "<group>"; };
		83315D3F2B51EE1D004652E8 /* LoadImage.swift */ = {isa = PBXFileReference; lastKnownFileType = sourcecode.swift; path = LoadImage.swift; sourceTree = "<group>"; };
		83315D432B5216F1004652E8 /* SearchJokeViewController.swift */ = {isa = PBXFileReference; lastKnownFileType = sourcecode.swift; path = SearchJokeViewController.swift; sourceTree = "<group>"; };
		83315D442B5216F1004652E8 /* SearchJokeViewController.xib */ = {isa = PBXFileReference; lastKnownFileType = file.xib; path = SearchJokeViewController.xib; sourceTree = "<group>"; };
		83315D472B521BCF004652E8 /* HomeProtocols.swift */ = {isa = PBXFileReference; lastKnownFileType = sourcecode.swift; path = HomeProtocols.swift; sourceTree = "<group>"; };
		83315D4A2B522BF8004652E8 /* JokeItemCell.swift */ = {isa = PBXFileReference; lastKnownFileType = sourcecode.swift; path = JokeItemCell.swift; sourceTree = "<group>"; };
		83315D4B2B522BF8004652E8 /* JokeItemCell.xib */ = {isa = PBXFileReference; lastKnownFileType = file.xib; path = JokeItemCell.xib; sourceTree = "<group>"; };
		83315D4E2B523D01004652E8 /* JokeListResponseDTO.swift */ = {isa = PBXFileReference; lastKnownFileType = sourcecode.swift; path = JokeListResponseDTO.swift; sourceTree = "<group>"; };
/* End PBXFileReference section */

/* Begin PBXFrameworksBuildPhase section */
		83315CE92B51CC0D004652E8 /* Frameworks */ = {
			isa = PBXFrameworksBuildPhase;
			buildActionMask = 2147483647;
			files = (
			);
			runOnlyForDeploymentPostprocessing = 0;
		};
/* End PBXFrameworksBuildPhase section */

/* Begin PBXGroup section */
		83315CE32B51CC0D004652E8 = {
			isa = PBXGroup;
			children = (
				83315CEE2B51CC0D004652E8 /* TribalChallenge */,
				83315CED2B51CC0D004652E8 /* Products */,
			);
			sourceTree = "<group>";
		};
		83315CED2B51CC0D004652E8 /* Products */ = {
			isa = PBXGroup;
			children = (
				83315CEC2B51CC0D004652E8 /* TribalChallenge.app */,
			);
			name = Products;
			sourceTree = "<group>";
		};
		83315CEE2B51CC0D004652E8 /* TribalChallenge */ = {
			isa = PBXGroup;
			children = (
				83315D1B2B51D03E004652E8 /* Data */,
				83315D1A2B51D030004652E8 /* Domain */,
				83315D0D2B51CD49004652E8 /* Views */,
				83315D0C2B51CD3E004652E8 /* Common */,
				83315D1C2B51D11E004652E8 /* Resources */,
				83315CEF2B51CC0D004652E8 /* AppDelegate.swift */,
				83315CF12B51CC0D004652E8 /* SceneDelegate.swift */,
				83315CF82B51CC0F004652E8 /* Assets.xcassets */,
				83315D032B51CC5E004652E8 /* App.swift */,
				83315D0A2B51CCE5004652E8 /* AppTransition.swift */,
			);
			path = TribalChallenge;
			sourceTree = "<group>";
		};
		83315D052B51CC83004652E8 /* Protocols */ = {
			isa = PBXGroup;
			children = (
				83315D062B51CC92004652E8 /* Coordinator.swift */,
				83315D082B51CCB6004652E8 /* Router.swift */,
				83315D1D2B51D348004652E8 /* JokeRepositoryRepresentable.swift */,
			);
			path = Protocols;
			sourceTree = "<group>";
		};
		83315D0C2B51CD3E004652E8 /* Common */ = {
			isa = PBXGroup;
			children = (
				83315D412B51F9A0004652E8 /* Utils */,
				83315D052B51CC83004652E8 /* Protocols */,
			);
			path = Common;
			sourceTree = "<group>";
		};
		83315D0D2B51CD49004652E8 /* Views */ = {
			isa = PBXGroup;
			children = (
				83315D362B51E8B7004652E8 /* Home */,
			);
			path = Views;
			sourceTree = "<group>";
		};
		83315D1A2B51D030004652E8 /* Domain */ = {
			isa = PBXGroup;
			children = (
				83315D262B51D4BD004652E8 /* UseCases */,
				83315D232B51D48D004652E8 /* Models */,
			);
			path = Domain;
			sourceTree = "<group>";
		};
		83315D1B2B51D03E004652E8 /* Data */ = {
			isa = PBXGroup;
			children = (
				83315D1F2B51D385004652E8 /* JokeDTO.swift */,
				83315D212B51D3E2004652E8 /* JokeRepository.swift */,
				83315D4E2B523D01004652E8 /* JokeListResponseDTO.swift */,
			);
			path = Data;
			sourceTree = "<group>";
		};
		83315D1C2B51D11E004652E8 /* Resources */ = {
			isa = PBXGroup;
			children = (
				83315CFD2B51CC0F004652E8 /* Info.plist */,
				83315CFA2B51CC0F004652E8 /* LaunchScreen.storyboard */,
			);
			path = Resources;
			sourceTree = "<group>";
		};
		83315D232B51D48D004652E8 /* Models */ = {
			isa = PBXGroup;
			children = (
				83315D242B51D49C004652E8 /* Joke.swift */,
				83315D292B51D53F004652E8 /* Failure.swift */,
			);
			path = Models;
			sourceTree = "<group>";
		};
		83315D262B51D4BD004652E8 /* UseCases */ = {
			isa = PBXGroup;
			children = (
				83315D272B51D4EE004652E8 /* JokeUseCases.swift */,
			);
			path = UseCases;
			sourceTree = "<group>";
		};
		83315D362B51E8B7004652E8 /* Home */ = {
			isa = PBXGroup;
			children = (
				83315D422B5216C8004652E8 /* SearchBottomSheet */,
				83315D3A2B51E8B7004652E8 /* HomeCoordinator.swift */,
				83315D472B521BCF004652E8 /* HomeProtocols.swift */,
				83315D372B51E8B7004652E8 /* HomeViewModel.swift */,
				83315D392B51E8B7004652E8 /* HomeViewController.swift */,
				83315D382B51E8B7004652E8 /* HomeViewController.xib */,
			);
			path = Home;
			sourceTree = "<group>";
		};
		83315D412B51F9A0004652E8 /* Utils */ = {
			isa = PBXGroup;
			children = (
				83315D3F2B51EE1D004652E8 /* LoadImage.swift */,
			);
			path = Utils;
			sourceTree = "<group>";
		};
		83315D422B5216C8004652E8 /* SearchBottomSheet */ = {
			isa = PBXGroup;
			children = (
				83315D492B522BCC004652E8 /* Cells */,
				83315D432B5216F1004652E8 /* SearchJokeViewController.swift */,
				83315D442B5216F1004652E8 /* SearchJokeViewController.xib */,
			);
			path = SearchBottomSheet;
			sourceTree = "<group>";
		};
		83315D492B522BCC004652E8 /* Cells */ = {
			isa = PBXGroup;
			children = (
				83315D4A2B522BF8004652E8 /* JokeItemCell.swift */,
				83315D4B2B522BF8004652E8 /* JokeItemCell.xib */,
			);
			path = Cells;
			sourceTree = "<group>";
		};
/* End PBXGroup section */

/* Begin PBXNativeTarget section */
		83315CEB2B51CC0D004652E8 /* TribalChallenge */ = {
			isa = PBXNativeTarget;
			buildConfigurationList = 83315D002B51CC0F004652E8 /* Build configuration list for PBXNativeTarget "TribalChallenge" */;
			buildPhases = (
				83315CE82B51CC0D004652E8 /* Sources */,
				83315CE92B51CC0D004652E8 /* Frameworks */,
				83315CEA2B51CC0D004652E8 /* Resources */,
			);
			buildRules = (
			);
			dependencies = (
			);
			name = TribalChallenge;
			productName = TribalChallenge;
			productReference = 83315CEC2B51CC0D004652E8 /* TribalChallenge.app */;
			productType = "com.apple.product-type.application";
		};
/* End PBXNativeTarget section */

/* Begin PBXProject section */
		83315CE42B51CC0D004652E8 /* Project object */ = {
			isa = PBXProject;
			attributes = {
				BuildIndependentTargetsInParallel = 1;
				LastSwiftUpdateCheck = 1500;
				LastUpgradeCheck = 1500;
				TargetAttributes = {
					83315CEB2B51CC0D004652E8 = {
						CreatedOnToolsVersion = 15.0.1;
					};
				};
			};
			buildConfigurationList = 83315CE72B51CC0D004652E8 /* Build configuration list for PBXProject "TribalChallenge" */;
			compatibilityVersion = "Xcode 14.0";
			developmentRegion = en;
			hasScannedForEncodings = 0;
			knownRegions = (
				en,
				Base,
			);
			mainGroup = 83315CE32B51CC0D004652E8;
			productRefGroup = 83315CED2B51CC0D004652E8 /* Products */;
			projectDirPath = "";
			projectRoot = "";
			targets = (
				83315CEB2B51CC0D004652E8 /* TribalChallenge */,
			);
		};
/* End PBXProject section */

/* Begin PBXResourcesBuildPhase section */
		83315CEA2B51CC0D004652E8 /* Resources */ = {
			isa = PBXResourcesBuildPhase;
			buildActionMask = 2147483647;
			files = (
				83315CFC2B51CC0F004652E8 /* LaunchScreen.storyboard in Resources */,
				83315CF92B51CC0F004652E8 /* Assets.xcassets in Resources */,
				83315D4D2B522BF8004652E8 /* JokeItemCell.xib in Resources */,
				83315D3C2B51E8B7004652E8 /* HomeViewController.xib in Resources */,
				83315D462B5216F1004652E8 /* SearchJokeViewController.xib in Resources */,
			);
			runOnlyForDeploymentPostprocessing = 0;
		};
/* End PBXResourcesBuildPhase section */

/* Begin PBXSourcesBuildPhase section */
		83315CE82B51CC0D004652E8 /* Sources */ = {
			isa = PBXSourcesBuildPhase;
			buildActionMask = 2147483647;
			files = (
				83315D042B51CC5E004652E8 /* App.swift in Sources */,
				83315D3B2B51E8B7004652E8 /* HomeViewModel.swift in Sources */,
				83315D3D2B51E8B7004652E8 /* HomeViewController.swift in Sources */,
				83315D072B51CC92004652E8 /* Coordinator.swift in Sources */,
				83315D482B521BCF004652E8 /* HomeProtocols.swift in Sources */,
				83315D4C2B522BF8004652E8 /* JokeItemCell.swift in Sources */,
				83315D2A2B51D53F004652E8 /* Failure.swift in Sources */,
				83315D252B51D49C004652E8 /* Joke.swift in Sources */,
				83315D202B51D385004652E8 /* JokeDTO.swift in Sources */,
				83315CF02B51CC0D004652E8 /* AppDelegate.swift in Sources */,
				83315D452B5216F1004652E8 /* SearchJokeViewController.swift in Sources */,
				83315D282B51D4EE004652E8 /* JokeUseCases.swift in Sources */,
				83315D092B51CCB6004652E8 /* Router.swift in Sources */,
				83315CF22B51CC0D004652E8 /* SceneDelegate.swift in Sources */,
				83315D222B51D3E2004652E8 /* JokeRepository.swift in Sources */,
				83315D4F2B523D01004652E8 /* JokeListResponseDTO.swift in Sources */,
				83315D0B2B51CCE5004652E8 /* AppTransition.swift in Sources */,
				83315D402B51EE1D004652E8 /* LoadImage.swift in Sources */,
				83315D3E2B51E8B7004652E8 /* HomeCoordinator.swift in Sources */,
				83315D1E2B51D348004652E8 /* JokeRepositoryRepresentable.swift in Sources */,
			);
			runOnlyForDeploymentPostprocessing = 0;
		};
/* End PBXSourcesBuildPhase section */

/* Begin PBXVariantGroup section */
		83315CFA2B51CC0F004652E8 /* LaunchScreen.storyboard */ = {
			isa = PBXVariantGroup;
			children = (
				83315CFB2B51CC0F004652E8 /* Base */,
			);
			name = LaunchScreen.storyboard;
			sourceTree = "<group>";
		};
/* End PBXVariantGroup section */

/* Begin XCBuildConfiguration section */
		83315CFE2B51CC0F004652E8 /* Debug */ = {
			isa = XCBuildConfiguration;
			buildSettings = {
				ALWAYS_SEARCH_USER_PATHS = NO;
				ASSETCATALOG_COMPILER_GENERATE_SWIFT_ASSET_SYMBOL_EXTENSIONS = YES;
				CLANG_ANALYZER_NONNULL = YES;
				CLANG_ANALYZER_NUMBER_OBJECT_CONVERSION = YES_AGGRESSIVE;
				CLANG_CXX_LANGUAGE_STANDARD = "gnu++20";
				CLANG_ENABLE_MODULES = YES;
				CLANG_ENABLE_OBJC_ARC = YES;
				CLANG_ENABLE_OBJC_WEAK = YES;
				CLANG_WARN_BLOCK_CAPTURE_AUTORELEASING = YES;
				CLANG_WARN_BOOL_CONVERSION = YES;
				CLANG_WARN_COMMA = YES;
				CLANG_WARN_CONSTANT_CONVERSION = YES;
				CLANG_WARN_DEPRECATED_OBJC_IMPLEMENTATIONS = YES;
				CLANG_WARN_DIRECT_OBJC_ISA_USAGE = YES_ERROR;
				CLANG_WARN_DOCUMENTATION_COMMENTS = YES;
				CLANG_WARN_EMPTY_BODY = YES;
				CLANG_WARN_ENUM_CONVERSION = YES;
				CLANG_WARN_INFINITE_RECURSION = YES;
				CLANG_WARN_INT_CONVERSION = YES;
				CLANG_WARN_NON_LITERAL_NULL_CONVERSION = YES;
				CLANG_WARN_OBJC_IMPLICIT_RETAIN_SELF = YES;
				CLANG_WARN_OBJC_LITERAL_CONVERSION = YES;
				CLANG_WARN_OBJC_ROOT_CLASS = YES_ERROR;
				CLANG_WARN_QUOTED_INCLUDE_IN_FRAMEWORK_HEADER = YES;
				CLANG_WARN_RANGE_LOOP_ANALYSIS = YES;
				CLANG_WARN_STRICT_PROTOTYPES = YES;
				CLANG_WARN_SUSPICIOUS_MOVE = YES;
				CLANG_WARN_UNGUARDED_AVAILABILITY = YES_AGGRESSIVE;
				CLANG_WARN_UNREACHABLE_CODE = YES;
				CLANG_WARN__DUPLICATE_METHOD_MATCH = YES;
				COPY_PHASE_STRIP = NO;
				DEBUG_INFORMATION_FORMAT = dwarf;
				ENABLE_STRICT_OBJC_MSGSEND = YES;
				ENABLE_TESTABILITY = YES;
				ENABLE_USER_SCRIPT_SANDBOXING = YES;
				GCC_C_LANGUAGE_STANDARD = gnu17;
				GCC_DYNAMIC_NO_PIC = NO;
				GCC_NO_COMMON_BLOCKS = YES;
				GCC_OPTIMIZATION_LEVEL = 0;
				GCC_PREPROCESSOR_DEFINITIONS = (
					"DEBUG=1",
					"$(inherited)",
				);
				GCC_WARN_64_TO_32_BIT_CONVERSION = YES;
				GCC_WARN_ABOUT_RETURN_TYPE = YES_ERROR;
				GCC_WARN_UNDECLARED_SELECTOR = YES;
				GCC_WARN_UNINITIALIZED_AUTOS = YES_AGGRESSIVE;
				GCC_WARN_UNUSED_FUNCTION = YES;
				GCC_WARN_UNUSED_VARIABLE = YES;
				IPHONEOS_DEPLOYMENT_TARGET = 17.0;
				LOCALIZATION_PREFERS_STRING_CATALOGS = YES;
				MTL_ENABLE_DEBUG_INFO = INCLUDE_SOURCE;
				MTL_FAST_MATH = YES;
				ONLY_ACTIVE_ARCH = YES;
				SDKROOT = iphoneos;
				SWIFT_ACTIVE_COMPILATION_CONDITIONS = "DEBUG $(inherited)";
				SWIFT_OPTIMIZATION_LEVEL = "-Onone";
			};
			name = Debug;
		};
		83315CFF2B51CC0F004652E8 /* Release */ = {
			isa = XCBuildConfiguration;
			buildSettings = {
				ALWAYS_SEARCH_USER_PATHS = NO;
				ASSETCATALOG_COMPILER_GENERATE_SWIFT_ASSET_SYMBOL_EXTENSIONS = YES;
				CLANG_ANALYZER_NONNULL = YES;
				CLANG_ANALYZER_NUMBER_OBJECT_CONVERSION = YES_AGGRESSIVE;
				CLANG_CXX_LANGUAGE_STANDARD = "gnu++20";
				CLANG_ENABLE_MODULES = YES;
				CLANG_ENABLE_OBJC_ARC = YES;
				CLANG_ENABLE_OBJC_WEAK = YES;
				CLANG_WARN_BLOCK_CAPTURE_AUTORELEASING = YES;
				CLANG_WARN_BOOL_CONVERSION = YES;
				CLANG_WARN_COMMA = YES;
				CLANG_WARN_CONSTANT_CONVERSION = YES;
				CLANG_WARN_DEPRECATED_OBJC_IMPLEMENTATIONS = YES;
				CLANG_WARN_DIRECT_OBJC_ISA_USAGE = YES_ERROR;
				CLANG_WARN_DOCUMENTATION_COMMENTS = YES;
				CLANG_WARN_EMPTY_BODY = YES;
				CLANG_WARN_ENUM_CONVERSION = YES;
				CLANG_WARN_INFINITE_RECURSION = YES;
				CLANG_WARN_INT_CONVERSION = YES;
				CLANG_WARN_NON_LITERAL_NULL_CONVERSION = YES;
				CLANG_WARN_OBJC_IMPLICIT_RETAIN_SELF = YES;
				CLANG_WARN_OBJC_LITERAL_CONVERSION = YES;
				CLANG_WARN_OBJC_ROOT_CLASS = YES_ERROR;
				CLANG_WARN_QUOTED_INCLUDE_IN_FRAMEWORK_HEADER = YES;
				CLANG_WARN_RANGE_LOOP_ANALYSIS = YES;
				CLANG_WARN_STRICT_PROTOTYPES = YES;
				CLANG_WARN_SUSPICIOUS_MOVE = YES;
				CLANG_WARN_UNGUARDED_AVAILABILITY = YES_AGGRESSIVE;
				CLANG_WARN_UNREACHABLE_CODE = YES;
				CLANG_WARN__DUPLICATE_METHOD_MATCH = YES;
				COPY_PHASE_STRIP = NO;
				DEBUG_INFORMATION_FORMAT = "dwarf-with-dsym";
				ENABLE_NS_ASSERTIONS = NO;
				ENABLE_STRICT_OBJC_MSGSEND = YES;
				ENABLE_USER_SCRIPT_SANDBOXING = YES;
				GCC_C_LANGUAGE_STANDARD = gnu17;
				GCC_NO_COMMON_BLOCKS = YES;
				GCC_WARN_64_TO_32_BIT_CONVERSION = YES;
				GCC_WARN_ABOUT_RETURN_TYPE = YES_ERROR;
				GCC_WARN_UNDECLARED_SELECTOR = YES;
				GCC_WARN_UNINITIALIZED_AUTOS = YES_AGGRESSIVE;
				GCC_WARN_UNUSED_FUNCTION = YES;
				GCC_WARN_UNUSED_VARIABLE = YES;
				IPHONEOS_DEPLOYMENT_TARGET = 17.0;
				LOCALIZATION_PREFERS_STRING_CATALOGS = YES;
				MTL_ENABLE_DEBUG_INFO = NO;
				MTL_FAST_MATH = YES;
				SDKROOT = iphoneos;
				SWIFT_COMPILATION_MODE = wholemodule;
				VALIDATE_PRODUCT = YES;
			};
			name = Release;
		};
		83315D012B51CC0F004652E8 /* Debug */ = {
			isa = XCBuildConfiguration;
			buildSettings = {
				ASSETCATALOG_COMPILER_APPICON_NAME = AppIcon;
				ASSETCATALOG_COMPILER_GLOBAL_ACCENT_COLOR_NAME = AccentColor;
				CODE_SIGN_STYLE = Automatic;
				CURRENT_PROJECT_VERSION = 1;
				DEVELOPMENT_TEAM = 6BJN932M8C;
				GENERATE_INFOPLIST_FILE = YES;
				INFOPLIST_FILE = TribalChallenge/Resources/Info.plist;
				INFOPLIST_KEY_UIApplicationSupportsIndirectInputEvents = YES;
				INFOPLIST_KEY_UILaunchStoryboardName = LaunchScreen;
				INFOPLIST_KEY_UIMainStoryboardFile = "";
				INFOPLIST_KEY_UISupportedInterfaceOrientations_iPad = "UIInterfaceOrientationPortrait UIInterfaceOrientationPortraitUpsideDown UIInterfaceOrientationLandscapeLeft UIInterfaceOrientationLandscapeRight";
				INFOPLIST_KEY_UISupportedInterfaceOrientations_iPhone = "UIInterfaceOrientationPortrait UIInterfaceOrientationLandscapeLeft UIInterfaceOrientationLandscapeRight";
				IPHONEOS_DEPLOYMENT_TARGET = 16.0;
				LD_RUNPATH_SEARCH_PATHS = (
					"$(inherited)",
					"@executable_path/Frameworks",
				);
				MARKETING_VERSION = 1.0;
				PRODUCT_BUNDLE_IDENTIFIER = kmc.TribalChallenge;
				PRODUCT_NAME = "$(TARGET_NAME)";
				SWIFT_EMIT_LOC_STRINGS = YES;
				SWIFT_VERSION = 5.0;
				TARGETED_DEVICE_FAMILY = "1,2";
			};
			name = Debug;
		};
		83315D022B51CC0F004652E8 /* Release */ = {
			isa = XCBuildConfiguration;
			buildSettings = {
				ASSETCATALOG_COMPILER_APPICON_NAME = AppIcon;
				ASSETCATALOG_COMPILER_GLOBAL_ACCENT_COLOR_NAME = AccentColor;
				CODE_SIGN_STYLE = Automatic;
				CURRENT_PROJECT_VERSION = 1;
				DEVELOPMENT_TEAM = 6BJN932M8C;
				GENERATE_INFOPLIST_FILE = YES;
				INFOPLIST_FILE = TribalChallenge/Resources/Info.plist;
				INFOPLIST_KEY_UIApplicationSupportsIndirectInputEvents = YES;
				INFOPLIST_KEY_UILaunchStoryboardName = LaunchScreen;
				INFOPLIST_KEY_UIMainStoryboardFile = "";
				INFOPLIST_KEY_UISupportedInterfaceOrientations_iPad = "UIInterfaceOrientationPortrait UIInterfaceOrientationPortraitUpsideDown UIInterfaceOrientationLandscapeLeft UIInterfaceOrientationLandscapeRight";
				INFOPLIST_KEY_UISupportedInterfaceOrientations_iPhone = "UIInterfaceOrientationPortrait UIInterfaceOrientationLandscapeLeft UIInterfaceOrientationLandscapeRight";
				IPHONEOS_DEPLOYMENT_TARGET = 16.0;
				LD_RUNPATH_SEARCH_PATHS = (
					"$(inherited)",
					"@executable_path/Frameworks",
				);
				MARKETING_VERSION = 1.0;
				PRODUCT_BUNDLE_IDENTIFIER = kmc.TribalChallenge;
				PRODUCT_NAME = "$(TARGET_NAME)";
				SWIFT_EMIT_LOC_STRINGS = YES;
				SWIFT_VERSION = 5.0;
				TARGETED_DEVICE_FAMILY = "1,2";
			};
			name = Release;
		};
/* End XCBuildConfiguration section */

/* Begin XCConfigurationList section */
		83315CE72B51CC0D004652E8 /* Build configuration list for PBXProject "TribalChallenge" */ = {
			isa = XCConfigurationList;
			buildConfigurations = (
				83315CFE2B51CC0F004652E8 /* Debug */,
				83315CFF2B51CC0F004652E8 /* Release */,
			);
			defaultConfigurationIsVisible = 0;
			defaultConfigurationName = Release;
		};
		83315D002B51CC0F004652E8 /* Build configuration list for PBXNativeTarget "TribalChallenge" */ = {
			isa = XCConfigurationList;
			buildConfigurations = (
				83315D012B51CC0F004652E8 /* Debug */,
				83315D022B51CC0F004652E8 /* Release */,
			);
			defaultConfigurationIsVisible = 0;
			defaultConfigurationName = Release;
		};
/* End XCConfigurationList section */
	};
	rootObject = 83315CE42B51CC0D004652E8 /* Project object */;
}
